{
  "name": "bs-octokit",
  "version": "0.1.0",
  "lockfileVersion": 1,
  "requires": true,
  "dependencies": {
    "@octokit/openapi-types": {
      "version": "12.11.0",
      "resolved": "https://registry.npmjs.org/@octokit/openapi-types/-/openapi-types-12.11.0.tgz",
      "integrity": "sha512-VsXyi8peyRq9PqIz/tpqiL2w3w80OgVMwBHltTml3LmVvXiphgeqmY9mvBw9Wu7e0QWk/fqD37ux8yP5uVekyQ=="
    },
    "@octokit/request-error": {
      "version": "2.1.0",
      "resolved": "https://registry.npmjs.org/@octokit/request-error/-/request-error-2.1.0.tgz",
      "integrity": "sha512-1VIvgXxs9WHSjicsRwq8PlR2LR2x6DwsJAaFgzdi0JfJoGSO8mYI/cHJQ+9FbN21aa+DrgNLnwObmyeSC8Rmpg==",
      "requires": {
        "@octokit/types": "^6.0.3",
        "deprecation": "^2.0.0",
        "once": "^1.4.0"
      }
    },
    "@octokit/types": {
      "version": "6.41.0",
      "resolved": "https://registry.npmjs.org/@octokit/types/-/types-6.41.0.tgz",
      "integrity": "sha512-eJ2jbzjdijiL3B4PrSQaSjuF2sPEQPVCPzBvTHJD9Nz+9dw2SGH4K4xeQJ77YfTq5bRQ+bD8wT11JbeDPmxmGg==",
      "requires": {
        "@octokit/openapi-types": "^12.11.0"
      }
    },
    "@octokit/webhooks": {
      "version": "9.26.3",
      "resolved": "https://registry.npmjs.org/@octokit/webhooks/-/webhooks-9.26.3.tgz",
      "integrity": "sha512-DLGk+gzeVq5oK89Bo601txYmyrelMQ7Fi5EnjHE0Xs8CWicy2xkmnJMKptKJrBJpstqbd/9oeDFi/Zj2pudBDQ==",
      "requires": {
        "@octokit/request-error": "^2.0.2",
        "@octokit/webhooks-methods": "^2.0.0",
        "@octokit/webhooks-types": "5.8.0",
        "aggregate-error": "^3.1.0"
      }
    },
    "@octokit/webhooks-methods": {
      "version": "2.0.0",
      "resolved": "https://registry.npmjs.org/@octokit/webhooks-methods/-/webhooks-methods-2.0.0.tgz",
      "integrity": "sha512-35cfQ4YWlnZnmZKmIxlGPUPLtbkF8lr/A/1Sk1eC0ddLMwQN06dOuLc+dI3YLQS+T+MoNt3DIQ0NynwgKPilig=="
    },
    "@octokit/webhooks-types": {
      "version": "5.8.0",
      "resolved": "https://registry.npmjs.org/@octokit/webhooks-types/-/webhooks-types-5.8.0.tgz",
      "integrity": "sha512-8adktjIb76A7viIdayQSFuBEwOzwhDC+9yxZpKNHjfzrlostHCw0/N7JWpWMObfElwvJMk2fY2l1noENCk9wmw=="
    },
    "aggregate-error": {
      "version": "3.1.0",
      "resolved": "https://registry.npmjs.org/aggregate-error/-/aggregate-error-3.1.0.tgz",
      "integrity": "sha512-4I7Td01quW/RpocfNayFdFVk1qSuoh0E7JrbRJ16nH01HhKFQ88INq9Sd+nd72zqRySlr9BmDA8xlEJ6vJMrYA==",
      "requires": {
        "clean-stack": "^2.0.0",
        "indent-string": "^4.0.0"
      }
    },
    "bs-platform": {
      "version": "4.0.18",
      "resolved": "https://registry.npmjs.org/bs-platform/-/bs-platform-4.0.18.tgz",
      "integrity": "sha512-BwzW0iYHvREqUZIgQxJmdJrxexppLvJxYQ4LLexbhCp7uZU5DIZ5ub4ZHpkCkc8fn8bsXWc+Rrejb3csi+BoAQ==",
      "dev": true
    },
    "clean-stack": {
      "version": "2.2.0",
      "resolved": "https://registry.npmjs.org/clean-stack/-/clean-stack-2.2.0.tgz",
      "integrity": "sha512-4diC9HaTE+KRAMWhDhrGOECgWZxoevMc5TlkObMqNSsVU62PYzXZ/SMTjzyGAFF1YusgxGcSWTEXBhp0CPwQ1A=="
    },
    "deprecation": {
      "version": "2.3.1",
      "resolved": "https://registry.npmjs.org/deprecation/-/deprecation-2.3.1.tgz",
      "integrity": "sha512-xmHIy4F3scKVwMsQ4WnVaS8bHOx0DmVwRywosKhaILI0ywMDWPtBSku2HNxRvF7jtwDRsoEwYQSfbxj8b7RlJQ=="
    },
    "indent-string": {
      "version": "4.0.0",
      "resolved": "https://registry.npmjs.org/indent-string/-/indent-string-4.0.0.tgz",
      "integrity": "sha512-EdDDZu4A2OyIK7Lr/2zG+w5jmbuk1DVBnEwREQvBzspBJkCEbRa8GxU1lghYcaGJCnRWibjDXlq779X1/y5xwg=="
    },
    "once": {
      "version": "1.4.0",
      "resolved": "https://registry.npmjs.org/once/-/once-1.4.0.tgz",
      "integrity": "sha512-lNaJgI+2Q5URQBkccEKHTQOPaXdUxnZZElQTZY0MFUAuaEqe1E+Nyvgdz/aIyNi6Z9MzO5dv1H8n58/GELp3+w==",
      "requires": {
        "wrappy": "1"
      }
    },
    "wrappy": {
      "version": "1.0.2",
      "resolved": "https://registry.npmjs.org/wrappy/-/wrappy-1.0.2.tgz",
      "integrity": "sha512-l4Sp/DRseor9wL6EvV2+TuQn63dMkPjZ/sp9XkghTEbV9KlPS1xUsZ3u7/IQO4wxtcFB4bgpQPRcR3QCvezPcQ=="
    }
  }
}
