{
  "name": "bs-octokit",
  "version": "0.1.0",
  "lockfileVersion": 1,
  "requires": true,
  "dependencies": {
    "@octokit/webhooks": {
      "version": "5.3.3",
      "resolved": "https://registry.npmjs.org/@octokit/webhooks/-/webhooks-5.3.3.tgz",
      "integrity": "sha512-vpF5NAdx7041ePrDqLwCJrc9AIKCfBso+rwxhUutEn/9jZnAoTpZJtw6WhMSNBDlEL8OOm3jLcwJKbTjplGWEg==",
      "requires": {
        "buffer-equal-constant-time": "^1.0.1",
        "debug": "^4.0.0"
      }
    },
    "bs-platform": {
      "version": "4.0.18",
      "resolved": "https://registry.npmjs.org/bs-platform/-/bs-platform-4.0.18.tgz",
      "integrity": "sha512-BwzW0iYHvREqUZIgQxJmdJrxexppLvJxYQ4LLexbhCp7uZU5DIZ5ub4ZHpkCkc8fn8bsXWc+Rrejb3csi+BoAQ==",
      "dev": true
    },
    "buffer-equal-constant-time": {
      "version": "1.0.1",
      "resolved": "https://registry.npmjs.org/buffer-equal-constant-time/-/buffer-equal-constant-time-1.0.1.tgz",
      "integrity": "sha1-+OcRMvf/5uAaXJaXpMbz5I1cyBk="
    },
    "debug": {
      "version": "4.3.4",
      "resolved": "https://registry.npmjs.org/debug/-/debug-4.3.4.tgz",
      "integrity": "sha512-PRWFHuSU3eDtQJPvnNY7Jcket1j0t5OuOsFzPPzsekD52Zl8qUfFIPEiswXqIvHWGVHOgX+7G/vCNNhehwxfkQ==",
      "requires": {
        "ms": "2.1.2"
      },
      "dependencies": {
        "ms": {
          "version": "2.1.2",
          "resolved": "https://registry.npmjs.org/ms/-/ms-2.1.2.tgz",
          "integrity": "sha512-sGkPx+VjMtmA6MX27oA4FBFELFCZZ4S4XqeGOXCv68tT+jb3vk/RyaKWP0PTKyWtmLSM0b+adUTEvbs1PEaH2w=="
        }
      }
    }
  }
}
